
Microsoft Visual Studio Solution File, Format Version 12.00
# Visual Studio Version 17
VisualStudioVersion = 17.5.002.0
MinimumVisualStudioVersion = 10.0.40219.1
Project("{9A19103F-16F7-4668-BE54-9A1E7A4F7556}") = "CompanyInfo.MVCUI", "CompanyInfo.MVCUI.csproj", "{1F8CE690-6B39-4A3C-8C16-5044102A98EC}"
EndProject
Global
	GlobalSection(SolutionConfigurationPlatforms) = preSolution
		Debug|Any CPU = Debug|Any CPU
		Release|Any CPU = Release|Any CPU
	EndGlobalSection
	GlobalSection(ProjectConfigurationPlatforms) = postSolution
		{1F8CE690-6B39-4A3C-8C16-5044102A98EC}.Debug|Any CPU.ActiveCfg = Debug|Any CPU
		{1F8CE690-6B39-4A3C-8C16-5044102A98EC}.Debug|Any CPU.Build.0 = Debug|Any CPU
		{1F8CE690-6B39-4A3C-8C16-5044102A98EC}.Release|Any CPU.ActiveCfg = Release|Any CPU
		{1F8CE690-6B39-4A3C-8C16-5044102A98EC}.Release|Any CPU.Build.0 = Release|Any CPU
	EndGlobalSection
	GlobalSection(SolutionProperties) = preSolution
		HideSolutionNode = FALSE
	EndGlobalSection
	GlobalSection(ExtensibilityGlobals) = postSolution
		SolutionGuid = {A15873F3-80D0-4E0A-B85C-C32B9E345E9F}
	EndGlobalSection
EndGlobal
